Microsoft Visual Studio Solution File, Format Version 12.00
# Visual Studio Version 17
VisualStudioVersion = 17.13.35825.156
MinimumVisualStudioVersion = 10.0.40219.1
Project("{FAE04EC0-301F-11D3-BF4B-00C04F79EFBC}") = "Workday", "Workday\Workday.csproj", "{D3F88D68-7894-408C-94F5-CD15273194D6}"
EndProject
Project("{FAE04EC0-301F-11D3-BF4B-00C04F79EFBC}") = "WorkdayTests", "WorkdayTests\WorkdayTests.csproj", "{58559296-BCD1-48A0-BA97-FF2A7F36E2C2}"
EndProject
Global
	GlobalSection(SolutionConfigurationPlatforms) = preSolution
		Debug|Any CPU = Debug|Any CPU
		Release|Any CPU = Release|Any CPU
	EndGlobalSection
	GlobalSection(ProjectConfigurationPlatforms) = postSolution
		{D3F88D68-7894-408C-94F5-CD15273194D6}.Debug|Any CPU.ActiveCfg = Debug|Any CPU
		{D3F88D68-7894-408C-94F5-CD15273194D6}.Debug|Any CPU.Build.0 = Debug|Any CPU
		{D3F88D68-7894-408C-94F5-CD15273194D6}.Release|Any CPU.ActiveCfg = Release|Any CPU
		{D3F88D68-7894-408C-94F5-CD15273194D6}.Release|Any CPU.Build.0 = Release|Any CPU
		{58559296-BCD1-48A0-BA97-FF2A7F36E2C2}.Debug|Any CPU.ActiveCfg = Debug|Any CPU
		{58559296-BCD1-48A0-BA97-FF2A7F36E2C2}.Debug|Any CPU.Build.0 = Debug|Any CPU
		{58559296-BCD1-48A0-BA97-FF2A7F36E2C2}.Release|Any CPU.ActiveCfg = Release|Any CPU
		{58559296-BCD1-48A0-BA97-FF2A7F36E2C2}.Release|Any CPU.Build.0 = Release|Any CPU
	EndGlobalSection
	GlobalSection(SolutionProperties) = preSolution
		HideSolutionNode = FALSE
	EndGlobalSection
	GlobalSection(ExtensibilityGlobals) = postSolution
		SolutionGuid = {CDE715A1-D4A8-42F6-886F-2A0B4D52986F}
	EndGlobalSection
EndGlobal
